
Microsoft Visual Studio Solution File, Format Version 12.00
# Visual Studio Version 17
VisualStudioVersion = 17.6.33829.357
MinimumVisualStudioVersion = 10.0.40219.1
Project("{9A19103F-16F7-4668-BE54-9A1E7A4F7556}") = "console", "console\console.csproj", "{5D41A5ED-CCC7-4F86-8E94-C59647934D82}"
EndProject
Project("{9A19103F-16F7-4668-BE54-9A1E7A4F7556}") = "GFUtils", "GFUtils\GFUtils.csproj", "{3F57EDAE-95CD-4A18-8CA9-1370249C2624}"
EndProject
Global
	GlobalSection(SolutionConfigurationPlatforms) = preSolution
		Debug|Any CPU = Debug|Any CPU
		Release|Any CPU = Release|Any CPU
	EndGlobalSection
	GlobalSection(ProjectConfigurationPlatforms) = postSolution
		{5D41A5ED-CCC7-4F86-8E94-C59647934D82}.Debug|Any CPU.ActiveCfg = Debug|Any CPU
		{5D41A5ED-CCC7-4F86-8E94-C59647934D82}.Debug|Any CPU.Build.0 = Debug|Any CPU
		{5D41A5ED-CCC7-4F86-8E94-C59647934D82}.Release|Any CPU.ActiveCfg = Release|Any CPU
		{5D41A5ED-CCC7-4F86-8E94-C59647934D82}.Release|Any CPU.Build.0 = Release|Any CPU
		{3F57EDAE-95CD-4A18-8CA9-1370249C2624}.Debug|Any CPU.ActiveCfg = Debug|Any CPU
		{3F57EDAE-95CD-4A18-8CA9-1370249C2624}.Debug|Any CPU.Build.0 = Debug|Any CPU
		{3F57EDAE-95CD-4A18-8CA9-1370249C2624}.Release|Any CPU.ActiveCfg = Release|Any CPU
		{3F57EDAE-95CD-4A18-8CA9-1370249C2624}.Release|Any CPU.Build.0 = Release|Any CPU
	EndGlobalSection
	GlobalSection(SolutionProperties) = preSolution
		HideSolutionNode = FALSE
	EndGlobalSection
	GlobalSection(ExtensibilityGlobals) = postSolution
		SolutionGuid = {213C8281-1A8D-47FA-993C-46BFAEDFF838}
	EndGlobalSection
EndGlobal
